
Microsoft Visual Studio Solution File, Format Version 12.00
# Visual Studio 2013
VisualStudioVersion = 12.0.40629.0
MinimumVisualStudioVersion = 10.0.40219.1
Project("{FAE04EC0-301F-11D3-BF4B-00C04F79EFBC}") = "domain", "domain\domain.csproj", "{08DB3984-3F2C-4607-9992-D3A7225152A2}"
EndProject
Project("{FAE04EC0-301F-11D3-BF4B-00C04F79EFBC}") = "rules.framework", "rules.framework\rules.framework.csproj", "{18963F60-1846-4D51-9B7B-C585FFC5FF6F}"
EndProject
Project("{FAE04EC0-301F-11D3-BF4B-00C04F79EFBC}") = "sample.rulestest", "sample.rulestest\sample.rulestest.csproj", "{8B3AA155-BE64-4486-B316-D163CD32D7EC}"
EndProject
Global
	GlobalSection(SolutionConfigurationPlatforms) = preSolution
		Debug|Any CPU = Debug|Any CPU
		Release|Any CPU = Release|Any CPU
	EndGlobalSection
	GlobalSection(ProjectConfigurationPlatforms) = postSolution
		{08DB3984-3F2C-4607-9992-D3A7225152A2}.Debug|Any CPU.ActiveCfg = Debug|Any CPU
		{08DB3984-3F2C-4607-9992-D3A7225152A2}.Debug|Any CPU.Build.0 = Debug|Any CPU
		{08DB3984-3F2C-4607-9992-D3A7225152A2}.Release|Any CPU.ActiveCfg = Release|Any CPU
		{08DB3984-3F2C-4607-9992-D3A7225152A2}.Release|Any CPU.Build.0 = Release|Any CPU
		{18963F60-1846-4D51-9B7B-C585FFC5FF6F}.Debug|Any CPU.ActiveCfg = Debug|Any CPU
		{18963F60-1846-4D51-9B7B-C585FFC5FF6F}.Debug|Any CPU.Build.0 = Debug|Any CPU
		{18963F60-1846-4D51-9B7B-C585FFC5FF6F}.Release|Any CPU.ActiveCfg = Release|Any CPU
		{18963F60-1846-4D51-9B7B-C585FFC5FF6F}.Release|Any CPU.Build.0 = Release|Any CPU
		{8B3AA155-BE64-4486-B316-D163CD32D7EC}.Debug|Any CPU.ActiveCfg = Debug|Any CPU
		{8B3AA155-BE64-4486-B316-D163CD32D7EC}.Debug|Any CPU.Build.0 = Debug|Any CPU
		{8B3AA155-BE64-4486-B316-D163CD32D7EC}.Release|Any CPU.ActiveCfg = Release|Any CPU
		{8B3AA155-BE64-4486-B316-D163CD32D7EC}.Release|Any CPU.Build.0 = Release|Any CPU
	EndGlobalSection
	GlobalSection(SolutionProperties) = preSolution
		HideSolutionNode = FALSE
	EndGlobalSection
EndGlobal
